version = 1
requires-python = ">=3.12"

[[package]]
name = "binschema-python"
version = "0.1.0"
source = { virtual = "." }
dependencies = [
    { name = "json5" },
]

[package.metadata]
requires-dist = [{ name = "json5", specifier = ">=0.13.0" }]

[[package]]
name = "json5"
version = "0.13.0"
source = { registry = "https://pypi.org/simple" }
sdist = { url = "https://files.pythonhosted.org/packages/77/e8/a3f261a66e4663f22700bc8a17c08cb83e91fbf086726e7a228398968981/json5-0.13.0.tar.gz", hash = "sha256:b1edf8d487721c0bf64d83c28e91280781f6e21f4a797d3261c7c828d4c165bf", size = 52441 }
wheels = [
    { url = "https://files.pythonhosted.org/packages/d7/9e/038522f50ceb7e74f1f991bf1b699f24b0c2bbe7c390dd36ad69f4582258/json5-0.13.0-py3-none-any.whl", hash = "sha256:9a08e1dd65f6a4d4c6fa82d216cf2477349ec2346a38fd70cc11d2557499fbcc", size = 36163 },
]
